
Microsoft Visual Studio Solution File, Format Version 12.00
# Visual Studio Version 16
VisualStudioVersion = 16.0.31624.102
MinimumVisualStudioVersion = 10.0.40219.1
Project("{FAE04EC0-301F-11D3-BF4B-00C04F79EFBC}") = "SF.ITOG_13_6.TASK2", "SF.ITOG_13_6.TASK2\SF.ITOG_13_6.TASK2.csproj", "{B0C5DA6B-8428-4F6D-A6D9-A632531C92B6}"
EndProject
Global
	GlobalSection(SolutionConfigurationPlatforms) = preSolution
		Debug|Any CPU = Debug|Any CPU
		Release|Any CPU = Release|Any CPU
	EndGlobalSection
	GlobalSection(ProjectConfigurationPlatforms) = postSolution
		{B0C5DA6B-8428-4F6D-A6D9-A632531C92B6}.Debug|Any CPU.ActiveCfg = Debug|Any CPU
		{B0C5DA6B-8428-4F6D-A6D9-A632531C92B6}.Debug|Any CPU.Build.0 = Debug|Any CPU
		{B0C5DA6B-8428-4F6D-A6D9-A632531C92B6}.Release|Any CPU.ActiveCfg = Release|Any CPU
		{B0C5DA6B-8428-4F6D-A6D9-A632531C92B6}.Release|Any CPU.Build.0 = Release|Any CPU
	EndGlobalSection
	GlobalSection(SolutionProperties) = preSolution
		HideSolutionNode = FALSE
	EndGlobalSection
	GlobalSection(ExtensibilityGlobals) = postSolution
		SolutionGuid = {3FC1F408-95CC-43F4-92CC-01C639EF364A}
	EndGlobalSection
EndGlobal
